
Microsoft Visual Studio Solution File, Format Version 12.00
# Visual Studio Version 16
VisualStudioVersion = 16.0.29519.87
MinimumVisualStudioVersion = 10.0.40219.1
Project("{FAE04EC0-301F-11D3-BF4B-00C04F79EFBC}") = "SnakeEyesGame", "SnakeEyesGame\SnakeEyesGame.csproj", "{B7BFA793-67BA-4AC8-AF86-AE7DEB31E1C1}"
EndProject
Global
	GlobalSection(SolutionConfigurationPlatforms) = preSolution
		Debug|Any CPU = Debug|Any CPU
		Release|Any CPU = Release|Any CPU
	EndGlobalSection
	GlobalSection(ProjectConfigurationPlatforms) = postSolution
		{B7BFA793-67BA-4AC8-AF86-AE7DEB31E1C1}.Debug|Any CPU.ActiveCfg = Debug|Any CPU
		{B7BFA793-67BA-4AC8-AF86-AE7DEB31E1C1}.Debug|Any CPU.Build.0 = Debug|Any CPU
		{B7BFA793-67BA-4AC8-AF86-AE7DEB31E1C1}.Release|Any CPU.ActiveCfg = Release|Any CPU
		{B7BFA793-67BA-4AC8-AF86-AE7DEB31E1C1}.Release|Any CPU.Build.0 = Release|Any CPU
	EndGlobalSection
	GlobalSection(SolutionProperties) = preSolution
		HideSolutionNode = FALSE
	EndGlobalSection
	GlobalSection(ExtensibilityGlobals) = postSolution
		SolutionGuid = {7E27DAB3-4451-412F-B268-85926F43F488}
	EndGlobalSection
EndGlobal
